
Microsoft Visual Studio Solution File, Format Version 12.00
# Visual Studio 15
VisualStudioVersion = 15.0.27703.2035
MinimumVisualStudioVersion = 10.0.40219.1
Project("{FAE04EC0-301F-11D3-BF4B-00C04F79EFBC}") = "Vault", "Vault\Vault.csproj", "{268C1683-70C6-46C7-B1BD-49D1C7433547}"
EndProject
Project("{2150E333-8FDC-42A3-9474-1A3956D46DE8}") = "Solution Items", "Solution Items", "{92762C0D-B9F2-43AA-AC11-730B8F2CF4EE}"
EndProject
Global
	GlobalSection(SolutionConfigurationPlatforms) = preSolution
		Debug|Any CPU = Debug|Any CPU
		Release|Any CPU = Release|Any CPU
	EndGlobalSection
	GlobalSection(ProjectConfigurationPlatforms) = postSolution
		{268C1683-70C6-46C7-B1BD-49D1C7433547}.Debug|Any CPU.ActiveCfg = Debug|Any CPU
		{268C1683-70C6-46C7-B1BD-49D1C7433547}.Debug|Any CPU.Build.0 = Debug|Any CPU
		{268C1683-70C6-46C7-B1BD-49D1C7433547}.Release|Any CPU.ActiveCfg = Release|Any CPU
		{268C1683-70C6-46C7-B1BD-49D1C7433547}.Release|Any CPU.Build.0 = Release|Any CPU
	EndGlobalSection
	GlobalSection(SolutionProperties) = preSolution
		HideSolutionNode = FALSE
	EndGlobalSection
	GlobalSection(ExtensibilityGlobals) = postSolution
		SolutionGuid = {4DF2C7E7-2A52-4F73-B6EE-44008340C1E7}
	EndGlobalSection
EndGlobal
